
Microsoft Visual Studio Solution File, Format Version 12.00
# Visual Studio Version 17
VisualStudioVersion = 17.11.35312.102
MinimumVisualStudioVersion = 10.0.40219.1
Project("{FAE04EC0-301F-11D3-BF4B-00C04F79EFBC}") = "Tyuiu.MironenkoSE.Sprint7.Project.V11", "Tyuiu.MironenkoSE.Sprint7.Project.V11\Tyuiu.MironenkoSE.Sprint7.Project.V11.csproj", "{82B127FC-A258-4FA5-BF8A-170B17624ECA}"
EndProject
Project("{FAE04EC0-301F-11D3-BF4B-00C04F79EFBC}") = "Tyuiu.MironenkoSE.Sprint7.Project.V11.Test", "Tyuiu.MironenkoSE.Sprint7.Project.V11.Test\Tyuiu.MironenkoSE.Sprint7.Project.V11.Test.csproj", "{976AC673-68FC-49B2-B966-6B71BC8E2A51}"
EndProject
Project("{FAE04EC0-301F-11D3-BF4B-00C04F79EFBC}") = "Tyuiu.MironenkoSE.Sprint7.Project.V11.Lib", "Tyuiu.MironenkoSE.Sprint7.Project.V11.Lib\Tyuiu.MironenkoSE.Sprint7.Project.V11.Lib.csproj", "{B66D23C5-2DE9-41BE-99F5-FD14E76ABE5B}"
EndProject
Global
	GlobalSection(SolutionConfigurationPlatforms) = preSolution
		Debug|Any CPU = Debug|Any CPU
		Release|Any CPU = Release|Any CPU
	EndGlobalSection
	GlobalSection(ProjectConfigurationPlatforms) = postSolution
		{82B127FC-A258-4FA5-BF8A-170B17624ECA}.Debug|Any CPU.ActiveCfg = Debug|Any CPU
		{82B127FC-A258-4FA5-BF8A-170B17624ECA}.Debug|Any CPU.Build.0 = Debug|Any CPU
		{82B127FC-A258-4FA5-BF8A-170B17624ECA}.Release|Any CPU.ActiveCfg = Release|Any CPU
		{82B127FC-A258-4FA5-BF8A-170B17624ECA}.Release|Any CPU.Build.0 = Release|Any CPU
		{976AC673-68FC-49B2-B966-6B71BC8E2A51}.Debug|Any CPU.ActiveCfg = Debug|Any CPU
		{976AC673-68FC-49B2-B966-6B71BC8E2A51}.Debug|Any CPU.Build.0 = Debug|Any CPU
		{976AC673-68FC-49B2-B966-6B71BC8E2A51}.Release|Any CPU.ActiveCfg = Release|Any CPU
		{976AC673-68FC-49B2-B966-6B71BC8E2A51}.Release|Any CPU.Build.0 = Release|Any CPU
		{B66D23C5-2DE9-41BE-99F5-FD14E76ABE5B}.Debug|Any CPU.ActiveCfg = Debug|Any CPU
		{B66D23C5-2DE9-41BE-99F5-FD14E76ABE5B}.Debug|Any CPU.Build.0 = Debug|Any CPU
		{B66D23C5-2DE9-41BE-99F5-FD14E76ABE5B}.Release|Any CPU.ActiveCfg = Release|Any CPU
		{B66D23C5-2DE9-41BE-99F5-FD14E76ABE5B}.Release|Any CPU.Build.0 = Release|Any CPU
	EndGlobalSection
	GlobalSection(SolutionProperties) = preSolution
		HideSolutionNode = FALSE
	EndGlobalSection
	GlobalSection(ExtensibilityGlobals) = postSolution
		SolutionGuid = {F35D27D8-D84B-4D89-93C1-FDCD7C8177A6}
	EndGlobalSection
EndGlobal
